
Microsoft Visual Studio Solution File, Format Version 12.00
# Visual Studio Version 16
VisualStudioVersion = 16.0.31205.134
MinimumVisualStudioVersion = 10.0.40219.1
Project("{9A19103F-16F7-4668-BE54-9A1E7A4F7556}") = "Net5WithRoslynEnabledByDefault", "Net5WithRoslynEnabledByDefault\Net5WithRoslynEnabledByDefault.csproj", "{3684D321-2396-4C43-A86F-0E75678C230F}"
EndProject
Project("{9A19103F-16F7-4668-BE54-9A1E7A4F7556}") = "NetCore31WithRoslynEnabledManually", "NetCore31WithRoslynEnabledManually\NetCore31WithRoslynEnabledManually.csproj", "{84F809FB-A0FC-4D25-AC1C-6CEFC78ABA96}"
EndProject
Project("{9A19103F-16F7-4668-BE54-9A1E7A4F7556}") = "NetCore31WithRoslynNotEnabled", "NetCore31WithRoslynNotEnabled\NetCore31WithRoslynNotEnabled.csproj", "{365A6F96-9022-42CD-8338-1F6C70166C37}"
EndProject
Project("{FAE04EC0-301F-11D3-BF4B-00C04F79EFBC}") = "NetFramework48WithRoslynEnabledManually", "NetFramework48WithRoslynEnabledManually\NetFramework48WithRoslynEnabledManually.csproj", "{C2617626-1E06-41C8-BF3E-4953E07321A5}"
EndProject
Project("{9A19103F-16F7-4668-BE54-9A1E7A4F7556}") = "Net6WithRoslynEnabledByDefault", "Net6WithRoslynEnabledByDefault\Net6WithRoslynEnabledByDefault.csproj", "{044F90D0-694D-4899-9E2E-46D92ACA77E5}"
EndProject
Project("{9A19103F-16F7-4668-BE54-9A1E7A4F7556}") = "Net5WithStyleCop", "Net5WithStyleCop\Net5WithStyleCop.csproj", "{0CB5F5ED-9979-4FFF-BB85-F6908C2D8FA2}"
EndProject
Project("{9A19103F-16F7-4668-BE54-9A1E7A4F7556}") = "NetCore31WithRoslynEnabledViaDirectoryBuildProps", "NetCore31WithRoslynEnabledViaDirectoryBuildProps\NetCore31WithRoslynEnabledViaDirectoryBuildProps.csproj", "{F30C8F32-634A-4DB8-AFDE-C98CE7136E99}"
EndProject
Project("{2150E333-8FDC-42A3-9474-1A3956D46DE8}") = "Solution Items", "Solution Items", "{41405C15-0C87-4904-A427-CA738AA537B3}"
	ProjectSection(SolutionItems) = preProject
		README.md = README.md
		.editorconfig = .editorconfig
		Custom.ruleset = Custom.ruleset
	EndProjectSection
EndProject
Project("{FAE04EC0-301F-11D3-BF4B-00C04F79EFBC}") = "SimpleAnalyzer", "SimpleAnalyzer\SimpleAnalyzer.csproj", "{28AD54D3-F320-414C-8F3E-FFD3FFDA7F8B}"
EndProject
Project("{FAE04EC0-301F-11D3-BF4B-00C04F79EFBC}") = "TestSimpleAnalyzer", "TestSimpleAnalyzer\TestSimpleAnalyzer.csproj", "{2A74F5BD-7BBF-4F2E-9671-A9F176B8B4BB}"
EndProject
Project("{2150E333-8FDC-42A3-9474-1A3956D46DE8}") = "Roslyn Analyzers", "Roslyn Analyzers", "{A5243DDA-C62D-4F7F-AA14-6D6D9D79555E}"
EndProject
Project("{2150E333-8FDC-42A3-9474-1A3956D46DE8}") = "Source Generators", "Source Generators", "{8EAD3836-D1FE-40CE-957C-4A69E1FBDAD4}"
EndProject
Project("{2150E333-8FDC-42A3-9474-1A3956D46DE8}") = "Microsoft Roslyn Analyzers", "Microsoft Roslyn Analyzers", "{B1C905DD-673B-4087-9521-C976975EAF9F}"
EndProject
Project("{2150E333-8FDC-42A3-9474-1A3956D46DE8}") = "StyleCop", "StyleCop", "{59DEE394-AC32-4C19-918F-5A4A667B13CE}"
EndProject
Project("{2150E333-8FDC-42A3-9474-1A3956D46DE8}") = "Custom", "Custom", "{7DB634F5-C0AB-451C-9945-E476F7B59134}"
EndProject
Project("{2150E333-8FDC-42A3-9474-1A3956D46DE8}") = "Popular Analyzers (Roslynator, XUnit, Sonar, etc)", "Popular Analyzers (Roslynator, XUnit, Sonar, etc)", "{0440EE34-CDBD-49D8-9B23-293758C83632}"
EndProject
Project("{2150E333-8FDC-42A3-9474-1A3956D46DE8}") = "Custom", "Custom", "{A3E49016-2A5D-43A2-8128-DDC3C86133CE}"
EndProject
Project("{FAE04EC0-301F-11D3-BF4B-00C04F79EFBC}") = "Net7WithRoslynEnabledByDefault", "Net7WithRoslynEnabledByDefault\Net7WithRoslynEnabledByDefault.csproj", "{7024B5B5-F6A3-4FFB-9EB9-0221C453C808}"
EndProject
Project("{FAE04EC0-301F-11D3-BF4B-00C04F79EFBC}") = "Net7WithStyleCop", "Net7WithStyleCop\Net7WithStyleCop.csproj", "{43B1F2C2-29DD-421B-BAF5-E72BBDCA2A6E}"
EndProject
Project("{FAE04EC0-301F-11D3-BF4B-00C04F79EFBC}") = "Net6WithStyleCop", "Net6WithStyleCop\Net6WithStyleCop.csproj", "{855D3313-FD85-44A0-83E8-9346C99FCA4D}"
EndProject
Project("{FAE04EC0-301F-11D3-BF4B-00C04F79EFBC}") = "Net7WithPopularAnalyzersEnabledViaNuGet", "Net7WithPopularAnalyzersEnabledViaNuGet\Net7WithPopularAnalyzersEnabledViaNuGet.csproj", "{771F2806-0FED-4152-93E3-1026EB8502A9}"
EndProject
Project("{FAE04EC0-301F-11D3-BF4B-00C04F79EFBC}") = "NET7SourceGeneratorUser", "NET7SourceGeneratorUser\NET7SourceGeneratorUser.csproj", "{E09E0D38-806D-4232-96B0-7F7C2A587224}"
EndProject
Project("{FAE04EC0-301F-11D3-BF4B-00C04F79EFBC}") = "NET6SourceGeneratorUser", "NET6SourceGeneratorUser\NET6SourceGeneratorUser.csproj", "{CC297D24-EBB1-4BE0-AAD3-70692C7FB662}"
EndProject
Project("{FAE04EC0-301F-11D3-BF4B-00C04F79EFBC}") = "NETCore31SourceGeneratorUser", "NETCore31SourceGeneratorUser\NETCore31SourceGeneratorUser.csproj", "{802FC71E-7240-4955-983D-5BE5E2D37BEF}"
EndProject
Project("{FAE04EC0-301F-11D3-BF4B-00C04F79EFBC}") = "NETStandard21SourceGeneratorUser", "NETStandard21SourceGeneratorUser\NETStandard21SourceGeneratorUser.csproj", "{2388CF7B-E45C-4F79-BD63-517523905505}"
EndProject
Project("{FAE04EC0-301F-11D3-BF4B-00C04F79EFBC}") = "NETFramework48SourceGeneratorUser", "NETFramework48SourceGeneratorUser\NETFramework48SourceGeneratorUser.csproj", "{47F591A4-E397-44F2-8037-D43FACA9CE95}"
EndProject
Project("{FAE04EC0-301F-11D3-BF4B-00C04F79EFBC}") = "CommentGenerator", "CommentGenerator\CommentGenerator.csproj", "{C82118A2-425E-46E7-86DA-AA3107366E5E}"
EndProject
Project("{FAE04EC0-301F-11D3-BF4B-00C04F79EFBC}") = "NJsonSchemaGenerator", "NJsonSchemaGenerator\NJsonSchemaGenerator.csproj", "{92A08D12-32F8-4337-A23A-5A12041F471A}"
EndProject
Project("{FAE04EC0-301F-11D3-BF4B-00C04F79EFBC}") = "NET5SourceGeneratorUser", "NET5SourceGeneratorUser\NET5SourceGeneratorUser.csproj", "{5319B432-8966-4909-BA03-C8DA625BC985}"
EndProject
Project("{FAE04EC0-301F-11D3-BF4B-00C04F79EFBC}") = "ValueObjectGenerator", "ValueObjectGenerator\ValueObjectGenerator.csproj", "{1D348983-DF9D-4BE2-BC77-282A61F03EBE}"
EndProject
Project("{2150E333-8FDC-42A3-9474-1A3956D46DE8}") = "Config Items", "Config Items", "{378E5637-BC9A-43B0-B009-422D40529900}"
	ProjectSection(SolutionItems) = preProject
		JsonSchema4.schema.json = JsonSchema4.schema.json
	EndProjectSection
EndProject
Project("{FAE04EC0-301F-11D3-BF4B-00C04F79EFBC}") = "CsWin32Generator", "CsWin32Generator\CsWin32Generator.csproj", "{80CB8CA2-9079-4895-B7D4-8A21BFE6F49F}"
EndProject
Project("{FAE04EC0-301F-11D3-BF4B-00C04F79EFBC}") = "DisableDateTimeNow", "DisableDateTimeNow\DisableDateTimeNow.csproj", "{E359B671-A69A-43D0-A8C0-046D81A9D20E}"
EndProject
Project("{FAE04EC0-301F-11D3-BF4B-00C04F79EFBC}") = "LoggerMessageSourceGeneratorUser", "LoggerMessageSourceGeneratorUser\LoggerMessageSourceGeneratorUser.csproj", "{19DEBB5C-E9E6-4E4A-9BD4-8488CDCC6F27}"
EndProject
Global
	GlobalSection(SolutionConfigurationPlatforms) = preSolution
		Debug|Any CPU = Debug|Any CPU
		Release|Any CPU = Release|Any CPU
	EndGlobalSection
	GlobalSection(ProjectConfigurationPlatforms) = postSolution
		{3684D321-2396-4C43-A86F-0E75678C230F}.Debug|Any CPU.ActiveCfg = Debug|Any CPU
		{3684D321-2396-4C43-A86F-0E75678C230F}.Debug|Any CPU.Build.0 = Debug|Any CPU
		{3684D321-2396-4C43-A86F-0E75678C230F}.Release|Any CPU.ActiveCfg = Release|Any CPU
		{3684D321-2396-4C43-A86F-0E75678C230F}.Release|Any CPU.Build.0 = Release|Any CPU
		{84F809FB-A0FC-4D25-AC1C-6CEFC78ABA96}.Debug|Any CPU.ActiveCfg = Debug|Any CPU
		{84F809FB-A0FC-4D25-AC1C-6CEFC78ABA96}.Debug|Any CPU.Build.0 = Debug|Any CPU
		{84F809FB-A0FC-4D25-AC1C-6CEFC78ABA96}.Release|Any CPU.ActiveCfg = Release|Any CPU
		{84F809FB-A0FC-4D25-AC1C-6CEFC78ABA96}.Release|Any CPU.Build.0 = Release|Any CPU
		{365A6F96-9022-42CD-8338-1F6C70166C37}.Debug|Any CPU.ActiveCfg = Debug|Any CPU
		{365A6F96-9022-42CD-8338-1F6C70166C37}.Debug|Any CPU.Build.0 = Debug|Any CPU
		{365A6F96-9022-42CD-8338-1F6C70166C37}.Release|Any CPU.ActiveCfg = Release|Any CPU
		{365A6F96-9022-42CD-8338-1F6C70166C37}.Release|Any CPU.Build.0 = Release|Any CPU
		{C2617626-1E06-41C8-BF3E-4953E07321A5}.Debug|Any CPU.ActiveCfg = Debug|Any CPU
		{C2617626-1E06-41C8-BF3E-4953E07321A5}.Debug|Any CPU.Build.0 = Debug|Any CPU
		{C2617626-1E06-41C8-BF3E-4953E07321A5}.Release|Any CPU.ActiveCfg = Release|Any CPU
		{C2617626-1E06-41C8-BF3E-4953E07321A5}.Release|Any CPU.Build.0 = Release|Any CPU
		{044F90D0-694D-4899-9E2E-46D92ACA77E5}.Debug|Any CPU.ActiveCfg = Debug|Any CPU
		{044F90D0-694D-4899-9E2E-46D92ACA77E5}.Debug|Any CPU.Build.0 = Debug|Any CPU
		{044F90D0-694D-4899-9E2E-46D92ACA77E5}.Release|Any CPU.ActiveCfg = Release|Any CPU
		{044F90D0-694D-4899-9E2E-46D92ACA77E5}.Release|Any CPU.Build.0 = Release|Any CPU
		{0CB5F5ED-9979-4FFF-BB85-F6908C2D8FA2}.Debug|Any CPU.ActiveCfg = Debug|Any CPU
		{0CB5F5ED-9979-4FFF-BB85-F6908C2D8FA2}.Debug|Any CPU.Build.0 = Debug|Any CPU
		{0CB5F5ED-9979-4FFF-BB85-F6908C2D8FA2}.Release|Any CPU.ActiveCfg = Release|Any CPU
		{0CB5F5ED-9979-4FFF-BB85-F6908C2D8FA2}.Release|Any CPU.Build.0 = Release|Any CPU
		{F30C8F32-634A-4DB8-AFDE-C98CE7136E99}.Debug|Any CPU.ActiveCfg = Debug|Any CPU
		{F30C8F32-634A-4DB8-AFDE-C98CE7136E99}.Debug|Any CPU.Build.0 = Debug|Any CPU
		{F30C8F32-634A-4DB8-AFDE-C98CE7136E99}.Release|Any CPU.ActiveCfg = Release|Any CPU
		{F30C8F32-634A-4DB8-AFDE-C98CE7136E99}.Release|Any CPU.Build.0 = Release|Any CPU
		{28AD54D3-F320-414C-8F3E-FFD3FFDA7F8B}.Debug|Any CPU.ActiveCfg = Debug|Any CPU
		{28AD54D3-F320-414C-8F3E-FFD3FFDA7F8B}.Debug|Any CPU.Build.0 = Debug|Any CPU
		{28AD54D3-F320-414C-8F3E-FFD3FFDA7F8B}.Release|Any CPU.ActiveCfg = Release|Any CPU
		{28AD54D3-F320-414C-8F3E-FFD3FFDA7F8B}.Release|Any CPU.Build.0 = Release|Any CPU
		{2A74F5BD-7BBF-4F2E-9671-A9F176B8B4BB}.Debug|Any CPU.ActiveCfg = Debug|Any CPU
		{2A74F5BD-7BBF-4F2E-9671-A9F176B8B4BB}.Debug|Any CPU.Build.0 = Debug|Any CPU
		{2A74F5BD-7BBF-4F2E-9671-A9F176B8B4BB}.Release|Any CPU.ActiveCfg = Release|Any CPU
		{2A74F5BD-7BBF-4F2E-9671-A9F176B8B4BB}.Release|Any CPU.Build.0 = Release|Any CPU
		{7024B5B5-F6A3-4FFB-9EB9-0221C453C808}.Debug|Any CPU.ActiveCfg = Debug|Any CPU
		{7024B5B5-F6A3-4FFB-9EB9-0221C453C808}.Debug|Any CPU.Build.0 = Debug|Any CPU
		{7024B5B5-F6A3-4FFB-9EB9-0221C453C808}.Release|Any CPU.ActiveCfg = Release|Any CPU
		{7024B5B5-F6A3-4FFB-9EB9-0221C453C808}.Release|Any CPU.Build.0 = Release|Any CPU
		{43B1F2C2-29DD-421B-BAF5-E72BBDCA2A6E}.Debug|Any CPU.ActiveCfg = Debug|Any CPU
		{43B1F2C2-29DD-421B-BAF5-E72BBDCA2A6E}.Debug|Any CPU.Build.0 = Debug|Any CPU
		{43B1F2C2-29DD-421B-BAF5-E72BBDCA2A6E}.Release|Any CPU.ActiveCfg = Release|Any CPU
		{43B1F2C2-29DD-421B-BAF5-E72BBDCA2A6E}.Release|Any CPU.Build.0 = Release|Any CPU
		{855D3313-FD85-44A0-83E8-9346C99FCA4D}.Debug|Any CPU.ActiveCfg = Debug|Any CPU
		{855D3313-FD85-44A0-83E8-9346C99FCA4D}.Debug|Any CPU.Build.0 = Debug|Any CPU
		{855D3313-FD85-44A0-83E8-9346C99FCA4D}.Release|Any CPU.ActiveCfg = Release|Any CPU
		{855D3313-FD85-44A0-83E8-9346C99FCA4D}.Release|Any CPU.Build.0 = Release|Any CPU
		{771F2806-0FED-4152-93E3-1026EB8502A9}.Debug|Any CPU.ActiveCfg = Debug|Any CPU
		{771F2806-0FED-4152-93E3-1026EB8502A9}.Debug|Any CPU.Build.0 = Debug|Any CPU
		{771F2806-0FED-4152-93E3-1026EB8502A9}.Release|Any CPU.ActiveCfg = Release|Any CPU
		{771F2806-0FED-4152-93E3-1026EB8502A9}.Release|Any CPU.Build.0 = Release|Any CPU
		{E09E0D38-806D-4232-96B0-7F7C2A587224}.Debug|Any CPU.ActiveCfg = Debug|Any CPU
		{E09E0D38-806D-4232-96B0-7F7C2A587224}.Debug|Any CPU.Build.0 = Debug|Any CPU
		{E09E0D38-806D-4232-96B0-7F7C2A587224}.Release|Any CPU.ActiveCfg = Release|Any CPU
		{E09E0D38-806D-4232-96B0-7F7C2A587224}.Release|Any CPU.Build.0 = Release|Any CPU
		{CC297D24-EBB1-4BE0-AAD3-70692C7FB662}.Debug|Any CPU.ActiveCfg = Debug|Any CPU
		{CC297D24-EBB1-4BE0-AAD3-70692C7FB662}.Debug|Any CPU.Build.0 = Debug|Any CPU
		{CC297D24-EBB1-4BE0-AAD3-70692C7FB662}.Release|Any CPU.ActiveCfg = Release|Any CPU
		{CC297D24-EBB1-4BE0-AAD3-70692C7FB662}.Release|Any CPU.Build.0 = Release|Any CPU
		{802FC71E-7240-4955-983D-5BE5E2D37BEF}.Debug|Any CPU.ActiveCfg = Debug|Any CPU
		{802FC71E-7240-4955-983D-5BE5E2D37BEF}.Debug|Any CPU.Build.0 = Debug|Any CPU
		{802FC71E-7240-4955-983D-5BE5E2D37BEF}.Release|Any CPU.ActiveCfg = Release|Any CPU
		{802FC71E-7240-4955-983D-5BE5E2D37BEF}.Release|Any CPU.Build.0 = Release|Any CPU
		{2388CF7B-E45C-4F79-BD63-517523905505}.Debug|Any CPU.ActiveCfg = Debug|Any CPU
		{2388CF7B-E45C-4F79-BD63-517523905505}.Debug|Any CPU.Build.0 = Debug|Any CPU
		{2388CF7B-E45C-4F79-BD63-517523905505}.Release|Any CPU.ActiveCfg = Release|Any CPU
		{2388CF7B-E45C-4F79-BD63-517523905505}.Release|Any CPU.Build.0 = Release|Any CPU
		{47F591A4-E397-44F2-8037-D43FACA9CE95}.Debug|Any CPU.ActiveCfg = Debug|Any CPU
		{47F591A4-E397-44F2-8037-D43FACA9CE95}.Debug|Any CPU.Build.0 = Debug|Any CPU
		{47F591A4-E397-44F2-8037-D43FACA9CE95}.Release|Any CPU.ActiveCfg = Release|Any CPU
		{47F591A4-E397-44F2-8037-D43FACA9CE95}.Release|Any CPU.Build.0 = Release|Any CPU
		{C82118A2-425E-46E7-86DA-AA3107366E5E}.Debug|Any CPU.ActiveCfg = Debug|Any CPU
		{C82118A2-425E-46E7-86DA-AA3107366E5E}.Debug|Any CPU.Build.0 = Debug|Any CPU
		{C82118A2-425E-46E7-86DA-AA3107366E5E}.Release|Any CPU.ActiveCfg = Release|Any CPU
		{C82118A2-425E-46E7-86DA-AA3107366E5E}.Release|Any CPU.Build.0 = Release|Any CPU
		{92A08D12-32F8-4337-A23A-5A12041F471A}.Debug|Any CPU.ActiveCfg = Debug|Any CPU
		{92A08D12-32F8-4337-A23A-5A12041F471A}.Debug|Any CPU.Build.0 = Debug|Any CPU
		{92A08D12-32F8-4337-A23A-5A12041F471A}.Release|Any CPU.ActiveCfg = Release|Any CPU
		{92A08D12-32F8-4337-A23A-5A12041F471A}.Release|Any CPU.Build.0 = Release|Any CPU
		{5319B432-8966-4909-BA03-C8DA625BC985}.Debug|Any CPU.ActiveCfg = Debug|Any CPU
		{5319B432-8966-4909-BA03-C8DA625BC985}.Debug|Any CPU.Build.0 = Debug|Any CPU
		{5319B432-8966-4909-BA03-C8DA625BC985}.Release|Any CPU.ActiveCfg = Release|Any CPU
		{5319B432-8966-4909-BA03-C8DA625BC985}.Release|Any CPU.Build.0 = Release|Any CPU
		{1D348983-DF9D-4BE2-BC77-282A61F03EBE}.Debug|Any CPU.ActiveCfg = Debug|Any CPU
		{1D348983-DF9D-4BE2-BC77-282A61F03EBE}.Debug|Any CPU.Build.0 = Debug|Any CPU
		{1D348983-DF9D-4BE2-BC77-282A61F03EBE}.Release|Any CPU.ActiveCfg = Release|Any CPU
		{1D348983-DF9D-4BE2-BC77-282A61F03EBE}.Release|Any CPU.Build.0 = Release|Any CPU
		{80CB8CA2-9079-4895-B7D4-8A21BFE6F49F}.Debug|Any CPU.ActiveCfg = Debug|Any CPU
		{80CB8CA2-9079-4895-B7D4-8A21BFE6F49F}.Debug|Any CPU.Build.0 = Debug|Any CPU
		{80CB8CA2-9079-4895-B7D4-8A21BFE6F49F}.Release|Any CPU.ActiveCfg = Release|Any CPU
		{80CB8CA2-9079-4895-B7D4-8A21BFE6F49F}.Release|Any CPU.Build.0 = Release|Any CPU
		{E359B671-A69A-43D0-A8C0-046D81A9D20E}.Debug|Any CPU.ActiveCfg = Debug|Any CPU
		{E359B671-A69A-43D0-A8C0-046D81A9D20E}.Debug|Any CPU.Build.0 = Debug|Any CPU
		{E359B671-A69A-43D0-A8C0-046D81A9D20E}.Release|Any CPU.ActiveCfg = Release|Any CPU
		{E359B671-A69A-43D0-A8C0-046D81A9D20E}.Release|Any CPU.Build.0 = Release|Any CPU
		{19DEBB5C-E9E6-4E4A-9BD4-8488CDCC6F27}.Debug|Any CPU.ActiveCfg = Debug|Any CPU
		{19DEBB5C-E9E6-4E4A-9BD4-8488CDCC6F27}.Debug|Any CPU.Build.0 = Debug|Any CPU
		{19DEBB5C-E9E6-4E4A-9BD4-8488CDCC6F27}.Release|Any CPU.ActiveCfg = Release|Any CPU
		{19DEBB5C-E9E6-4E4A-9BD4-8488CDCC6F27}.Release|Any CPU.Build.0 = Release|Any CPU
	EndGlobalSection
	GlobalSection(SolutionProperties) = preSolution
		HideSolutionNode = FALSE
	EndGlobalSection
	GlobalSection(ExtensibilityGlobals) = postSolution
		SolutionGuid = {FF19EB5F-AB22-4BB7-8AA8-9480E9C8C6C2}
	EndGlobalSection
	GlobalSection(NestedProjects) = preSolution
		{B1C905DD-673B-4087-9521-C976975EAF9F} = {A5243DDA-C62D-4F7F-AA14-6D6D9D79555E}
		{59DEE394-AC32-4C19-918F-5A4A667B13CE} = {A5243DDA-C62D-4F7F-AA14-6D6D9D79555E}
		{7DB634F5-C0AB-451C-9945-E476F7B59134} = {A5243DDA-C62D-4F7F-AA14-6D6D9D79555E}
		{0440EE34-CDBD-49D8-9B23-293758C83632} = {A5243DDA-C62D-4F7F-AA14-6D6D9D79555E}
		{A3E49016-2A5D-43A2-8128-DDC3C86133CE} = {8EAD3836-D1FE-40CE-957C-4A69E1FBDAD4}
		{28AD54D3-F320-414C-8F3E-FFD3FFDA7F8B} = {7DB634F5-C0AB-451C-9945-E476F7B59134}
		{2A74F5BD-7BBF-4F2E-9671-A9F176B8B4BB} = {7DB634F5-C0AB-451C-9945-E476F7B59134}
		{0CB5F5ED-9979-4FFF-BB85-F6908C2D8FA2} = {59DEE394-AC32-4C19-918F-5A4A667B13CE}
		{044F90D0-694D-4899-9E2E-46D92ACA77E5} = {B1C905DD-673B-4087-9521-C976975EAF9F}
		{3684D321-2396-4C43-A86F-0E75678C230F} = {B1C905DD-673B-4087-9521-C976975EAF9F}
		{84F809FB-A0FC-4D25-AC1C-6CEFC78ABA96} = {B1C905DD-673B-4087-9521-C976975EAF9F}
		{F30C8F32-634A-4DB8-AFDE-C98CE7136E99} = {B1C905DD-673B-4087-9521-C976975EAF9F}
		{C2617626-1E06-41C8-BF3E-4953E07321A5} = {B1C905DD-673B-4087-9521-C976975EAF9F}
		{7024B5B5-F6A3-4FFB-9EB9-0221C453C808} = {B1C905DD-673B-4087-9521-C976975EAF9F}
		{43B1F2C2-29DD-421B-BAF5-E72BBDCA2A6E} = {59DEE394-AC32-4C19-918F-5A4A667B13CE}
		{855D3313-FD85-44A0-83E8-9346C99FCA4D} = {59DEE394-AC32-4C19-918F-5A4A667B13CE}
		{771F2806-0FED-4152-93E3-1026EB8502A9} = {0440EE34-CDBD-49D8-9B23-293758C83632}
		{E09E0D38-806D-4232-96B0-7F7C2A587224} = {8EAD3836-D1FE-40CE-957C-4A69E1FBDAD4}
		{CC297D24-EBB1-4BE0-AAD3-70692C7FB662} = {8EAD3836-D1FE-40CE-957C-4A69E1FBDAD4}
		{802FC71E-7240-4955-983D-5BE5E2D37BEF} = {8EAD3836-D1FE-40CE-957C-4A69E1FBDAD4}
		{2388CF7B-E45C-4F79-BD63-517523905505} = {8EAD3836-D1FE-40CE-957C-4A69E1FBDAD4}
		{47F591A4-E397-44F2-8037-D43FACA9CE95} = {8EAD3836-D1FE-40CE-957C-4A69E1FBDAD4}
		{C82118A2-425E-46E7-86DA-AA3107366E5E} = {A3E49016-2A5D-43A2-8128-DDC3C86133CE}
		{92A08D12-32F8-4337-A23A-5A12041F471A} = {A3E49016-2A5D-43A2-8128-DDC3C86133CE}
		{5319B432-8966-4909-BA03-C8DA625BC985} = {8EAD3836-D1FE-40CE-957C-4A69E1FBDAD4}
		{1D348983-DF9D-4BE2-BC77-282A61F03EBE} = {A3E49016-2A5D-43A2-8128-DDC3C86133CE}
		{378E5637-BC9A-43B0-B009-422D40529900} = {8EAD3836-D1FE-40CE-957C-4A69E1FBDAD4}
		{80CB8CA2-9079-4895-B7D4-8A21BFE6F49F} = {8EAD3836-D1FE-40CE-957C-4A69E1FBDAD4}
		{E359B671-A69A-43D0-A8C0-046D81A9D20E} = {A3E49016-2A5D-43A2-8128-DDC3C86133CE}
		{19DEBB5C-E9E6-4E4A-9BD4-8488CDCC6F27} = {8EAD3836-D1FE-40CE-957C-4A69E1FBDAD4}
	EndGlobalSection
EndGlobal
